// !$*UTF8*$!
{
	archiveVersion = 1;
	classes = {
	};
	objectVersion = 56;
	objects = {

/* Begin PBXBuildFile section */
		DF6000032B690E91005AA206 /* .gitignore in Resources */ = {isa = PBXBuildFile; fileRef = DF6000022B690E91005AA206 /* .gitignore */; };
		DF6000052B690EB1005AA206 /* MainViewController.swift in Sources */ = {isa = PBXBuildFile; fileRef = DF6000042B690EB1005AA206 /* MainViewController.swift */; };
		DF6000082B690ED8005AA206 /* TMDBAPIManager.swift in Sources */ = {isa = PBXBuildFile; fileRef = DF6000072B690ED8005AA206 /* TMDBAPIManager.swift */; };
		DF60000B2B690EEC005AA206 /* Kingfisher in Frameworks */ = {isa = PBXBuildFile; productRef = DF60000A2B690EEC005AA206 /* Kingfisher */; };
		DF60000E2B690EF4005AA206 /* Alamofire in Frameworks */ = {isa = PBXBuildFile; productRef = DF60000D2B690EF4005AA206 /* Alamofire */; };
		DF6000112B690EFA005AA206 /* SnapKit in Frameworks */ = {isa = PBXBuildFile; productRef = DF6000102B690EFA005AA206 /* SnapKit */; };
		DF6000132B690EFA005AA206 /* SnapKit-Dynamic in Frameworks */ = {isa = PBXBuildFile; productRef = DF6000122B690EFA005AA206 /* SnapKit-Dynamic */; };
		DF6000192B691048005AA206 /* PopularModel.swift in Sources */ = {isa = PBXBuildFile; fileRef = DF6000182B691048005AA206 /* PopularModel.swift */; };
		DF60001B2B6911AB005AA206 /* APIKey.swift in Sources */ = {isa = PBXBuildFile; fileRef = DF60001A2B6911AB005AA206 /* APIKey.swift */; };
		DF60001D2B69149A005AA206 /* MovieTableViewCell.swift in Sources */ = {isa = PBXBuildFile; fileRef = DF60001C2B69149A005AA206 /* MovieTableViewCell.swift */; };
		DF6000202B6914FE005AA206 /* Helper.swift in Sources */ = {isa = PBXBuildFile; fileRef = DF60001F2B6914FE005AA206 /* Helper.swift */; };
		DF6000232B69164F005AA206 /* MovieCollectionViewCell.swift in Sources */ = {isa = PBXBuildFile; fileRef = DF6000222B69164F005AA206 /* MovieCollectionViewCell.swift */; };
		DF6000262B6917F3005AA206 /* ConfigureUI.swift in Sources */ = {isa = PBXBuildFile; fileRef = DF6000252B6917F3005AA206 /* ConfigureUI.swift */; };
		DF60002C2B69276D005AA206 /* MovieModel.swift in Sources */ = {isa = PBXBuildFile; fileRef = DF60002B2B69276D005AA206 /* MovieModel.swift */; };
		DF60002E2B693CA5005AA206 /* TrendModel.swift in Sources */ = {isa = PBXBuildFile; fileRef = DF60002D2B693CA5005AA206 /* TrendModel.swift */; };
		DF6000302B693F50005AA206 /* TopModel.swift in Sources */ = {isa = PBXBuildFile; fileRef = DF60002F2B693F50005AA206 /* TopModel.swift */; };
		DF60FFEF2B690C72005AA206 /* AppDelegate.swift in Sources */ = {isa = PBXBuildFile; fileRef = DF60FFEE2B690C72005AA206 /* AppDelegate.swift */; };
		DF60FFF12B690C72005AA206 /* SceneDelegate.swift in Sources */ = {isa = PBXBuildFile; fileRef = DF60FFF02B690C72005AA206 /* SceneDelegate.swift */; };
		DF60FFF62B690C72005AA206 /* Main.storyboard in Resources */ = {isa = PBXBuildFile; fileRef = DF60FFF42B690C72005AA206 /* Main.storyboard */; };
		DF60FFF82B690C74005AA206 /* Assets.xcassets in Resources */ = {isa = PBXBuildFile; fileRef = DF60FFF72B690C74005AA206 /* Assets.xcassets */; };
		DF60FFFB2B690C74005AA206 /* LaunchScreen.storyboard in Resources */ = {isa = PBXBuildFile; fileRef = DF60FFF92B690C74005AA206 /* LaunchScreen.storyboard */; };
/* End PBXBuildFile section */

/* Begin PBXFileReference section */
		DF6000022B690E91005AA206 /* .gitignore */ = {isa = PBXFileReference; lastKnownFileType = text; path = .gitignore; sourceTree = "<group>"; };
		DF6000042B690EB1005AA206 /* MainViewController.swift */ = {isa = PBXFileReference; lastKnownFileType = sourcecode.swift; path = MainViewController.swift; sourceTree = "<group>"; };
		DF6000072B690ED8005AA206 /* TMDBAPIManager.swift */ = {isa = PBXFileReference; lastKnownFileType = sourcecode.swift; path = TMDBAPIManager.swift; sourceTree = "<group>"; };
		DF6000182B691048005AA206 /* PopularModel.swift */ = {isa = PBXFileReference; lastKnownFileType = sourcecode.swift; path = PopularModel.swift; sourceTree = "<group>"; };
		DF60001A2B6911AB005AA206 /* APIKey.swift */ = {isa = PBXFileReference; lastKnownFileType = sourcecode.swift; path = APIKey.swift; sourceTree = "<group>"; };
		DF60001C2B69149A005AA206 /* MovieTableViewCell.swift */ = {isa = PBXFileReference; lastKnownFileType = sourcecode.swift; path = MovieTableViewCell.swift; sourceTree = "<group>"; };
		DF60001F2B6914FE005AA206 /* Helper.swift */ = {isa = PBXFileReference; lastKnownFileType = sourcecode.swift; path = Helper.swift; sourceTree = "<group>"; };
		DF6000222B69164F005AA206 /* MovieCollectionViewCell.swift */ = {isa = PBXFileReference; lastKnownFileType = sourcecode.swift; path = MovieCollectionViewCell.swift; sourceTree = "<group>"; };
		DF6000252B6917F3005AA206 /* ConfigureUI.swift */ = {isa = PBXFileReference; lastKnownFileType = sourcecode.swift; path = ConfigureUI.swift; sourceTree = "<group>"; };
		DF60002B2B69276D005AA206 /* MovieModel.swift */ = {isa = PBXFileReference; lastKnownFileType = sourcecode.swift; path = MovieModel.swift; sourceTree = "<group>"; };
		DF60002D2B693CA5005AA206 /* TrendModel.swift */ = {isa = PBXFileReference; lastKnownFileType = sourcecode.swift; path = TrendModel.swift; sourceTree = "<group>"; };
		DF60002F2B693F50005AA206 /* TopModel.swift */ = {isa = PBXFileReference; lastKnownFileType = sourcecode.swift; path = TopModel.swift; sourceTree = "<group>"; };
		DF60FFEB2B690C72005AA206 /* MediaProject.app */ = {isa = PBXFileReference; explicitFileType = wrapper.application; includeInIndex = 0; path = MediaProject.app; sourceTree = BUILT_PRODUCTS_DIR; };
		DF60FFEE2B690C72005AA206 /* AppDelegate.swift */ = {isa = PBXFileReference; lastKnownFileType = sourcecode.swift; path = AppDelegate.swift; sourceTree = "<group>"; };
		DF60FFF02B690C72005AA206 /* SceneDelegate.swift */ = {isa = PBXFileReference; lastKnownFileType = sourcecode.swift; path = SceneDelegate.swift; sourceTree = "<group>"; };
		DF60FFF52B690C72005AA206 /* Base */ = {isa = PBXFileReference; lastKnownFileType = file.storyboard; name = Base; path = Base.lproj/Main.storyboard; sourceTree = "<group>"; };
		DF60FFF72B690C74005AA206 /* Assets.xcassets */ = {isa = PBXFileReference; lastKnownFileType = folder.assetcatalog; path = Assets.xcassets; sourceTree = "<group>"; };
		DF60FFFA2B690C74005AA206 /* Base */ = {isa = PBXFileReference; lastKnownFileType = file.storyboard; name = Base; path = Base.lproj/LaunchScreen.storyboard; sourceTree = "<group>"; };
		DF60FFFC2B690C74005AA206 /* Info.plist */ = {isa = PBXFileReference; lastKnownFileType = text.plist.xml; path = Info.plist; sourceTree = "<group>"; };
/* End PBXFileReference section */

/* Begin PBXFrameworksBuildPhase section */
		DF60FFE82B690C72005AA206 /* Frameworks */ = {
			isa = PBXFrameworksBuildPhase;
			buildActionMask = 2147483647;
			files = (
				DF6000112B690EFA005AA206 /* SnapKit in Frameworks */,
				DF60000B2B690EEC005AA206 /* Kingfisher in Frameworks */,
				DF60000E2B690EF4005AA206 /* Alamofire in Frameworks */,
				DF6000132B690EFA005AA206 /* SnapKit-Dynamic in Frameworks */,
			);
			runOnlyForDeploymentPostprocessing = 0;
		};
/* End PBXFrameworksBuildPhase section */

/* Begin PBXGroup section */
		DF6000062B690EC4005AA206 /* APIManager */ = {
			isa = PBXGroup;
			children = (
				DF6000072B690ED8005AA206 /* TMDBAPIManager.swift */,
			);
			path = APIManager;
			sourceTree = "<group>";
		};
		DF6000142B690F02005AA206 /* Controller */ = {
			isa = PBXGroup;
			children = (
				DF6000042B690EB1005AA206 /* MainViewController.swift */,
			);
			path = Controller;
			sourceTree = "<group>";
		};
		DF6000152B690F09005AA206 /* Model */ = {
			isa = PBXGroup;
			children = (
				DF6000182B691048005AA206 /* PopularModel.swift */,
				DF60002B2B69276D005AA206 /* MovieModel.swift */,
				DF60002D2B693CA5005AA206 /* TrendModel.swift */,
				DF60002F2B693F50005AA206 /* TopModel.swift */,
			);
			path = Model;
			sourceTree = "<group>";
		};
		DF60001E2B69149E005AA206 /* TableViewCell */ = {
			isa = PBXGroup;
			children = (
				DF60001C2B69149A005AA206 /* MovieTableViewCell.swift */,
			);
			path = TableViewCell;
			sourceTree = "<group>";
		};
		DF6000212B691634005AA206 /* CollectionViewCell */ = {
			isa = PBXGroup;
			children = (
				DF6000222B69164F005AA206 /* MovieCollectionViewCell.swift */,
			);
			path = CollectionViewCell;
			sourceTree = "<group>";
		};
		DF6000242B6917D6005AA206 /* Protocol */ = {
			isa = PBXGroup;
			children = (
				DF6000252B6917F3005AA206 /* ConfigureUI.swift */,
			);
			path = Protocol;
			sourceTree = "<group>";
		};
		DF60FFE22B690C72005AA206 = {
			isa = PBXGroup;
			children = (
				DF6000022B690E91005AA206 /* .gitignore */,
				DF60FFED2B690C72005AA206 /* MediaProject */,
				DF60FFEC2B690C72005AA206 /* Products */,
			);
			sourceTree = "<group>";
		};
		DF60FFEC2B690C72005AA206 /* Products */ = {
			isa = PBXGroup;
			children = (
				DF60FFEB2B690C72005AA206 /* MediaProject.app */,
			);
			name = Products;
			sourceTree = "<group>";
		};
		DF60FFED2B690C72005AA206 /* MediaProject */ = {
			isa = PBXGroup;
			children = (
				DF6000242B6917D6005AA206 /* Protocol */,
				DF6000212B691634005AA206 /* CollectionViewCell */,
				DF60001E2B69149E005AA206 /* TableViewCell */,
				DF6000152B690F09005AA206 /* Model */,
				DF6000142B690F02005AA206 /* Controller */,
				DF6000062B690EC4005AA206 /* APIManager */,
				DF60FFEE2B690C72005AA206 /* AppDelegate.swift */,
				DF60FFF02B690C72005AA206 /* SceneDelegate.swift */,
				DF60FFF42B690C72005AA206 /* Main.storyboard */,
				DF60FFF72B690C74005AA206 /* Assets.xcassets */,
				DF60FFF92B690C74005AA206 /* LaunchScreen.storyboard */,
				DF60FFFC2B690C74005AA206 /* Info.plist */,
				DF60001A2B6911AB005AA206 /* APIKey.swift */,
				DF60001F2B6914FE005AA206 /* Helper.swift */,
			);
			path = MediaProject;
			sourceTree = "<group>";
		};
/* End PBXGroup section */

/* Begin PBXNativeTarget section */
		DF60FFEA2B690C72005AA206 /* MediaProject */ = {
			isa = PBXNativeTarget;
			buildConfigurationList = DF60FFFF2B690C74005AA206 /* Build configuration list for PBXNativeTarget "MediaProject" */;
			buildPhases = (
				DF60FFE72B690C72005AA206 /* Sources */,
				DF60FFE82B690C72005AA206 /* Frameworks */,
				DF60FFE92B690C72005AA206 /* Resources */,
			);
			buildRules = (
			);
			dependencies = (
			);
			name = MediaProject;
			packageProductDependencies = (
				DF60000A2B690EEC005AA206 /* Kingfisher */,
				DF60000D2B690EF4005AA206 /* Alamofire */,
				DF6000102B690EFA005AA206 /* SnapKit */,
				DF6000122B690EFA005AA206 /* SnapKit-Dynamic */,
			);
			productName = MediaProject;
			productReference = DF60FFEB2B690C72005AA206 /* MediaProject.app */;
			productType = "com.apple.product-type.application";
		};
/* End PBXNativeTarget section */

/* Begin PBXProject section */
		DF60FFE32B690C72005AA206 /* Project object */ = {
			isa = PBXProject;
			attributes = {
				BuildIndependentTargetsInParallel = 1;
				LastSwiftUpdateCheck = 1520;
				LastUpgradeCheck = 1520;
				TargetAttributes = {
					DF60FFEA2B690C72005AA206 = {
						CreatedOnToolsVersion = 15.2;
					};
				};
			};
			buildConfigurationList = DF60FFE62B690C72005AA206 /* Build configuration list for PBXProject "MediaProject" */;
			compatibilityVersion = "Xcode 14.0";
			developmentRegion = en;
			hasScannedForEncodings = 0;
			knownRegions = (
				en,
				Base,
			);
			mainGroup = DF60FFE22B690C72005AA206;
			packageReferences = (
				DF6000092B690EEC005AA206 /* XCRemoteSwiftPackageReference "Kingfisher" */,
				DF60000C2B690EF4005AA206 /* XCRemoteSwiftPackageReference "Alamofire" */,
				DF60000F2B690EFA005AA206 /* XCRemoteSwiftPackageReference "SnapKit" */,
			);
			productRefGroup = DF60FFEC2B690C72005AA206 /* Products */;
			projectDirPath = "";
			projectRoot = "";
			targets = (
				DF60FFEA2B690C72005AA206 /* MediaProject */,
			);
		};
/* End PBXProject section */

/* Begin PBXResourcesBuildPhase section */
		DF60FFE92B690C72005AA206 /* Resources */ = {
			isa = PBXResourcesBuildPhase;
			buildActionMask = 2147483647;
			files = (
				DF6000032B690E91005AA206 /* .gitignore in Resources */,
				DF60FFFB2B690C74005AA206 /* LaunchScreen.storyboard in Resources */,
				DF60FFF82B690C74005AA206 /* Assets.xcassets in Resources */,
				DF60FFF62B690C72005AA206 /* Main.storyboard in Resources */,
			);
			runOnlyForDeploymentPostprocessing = 0;
		};
/* End PBXResourcesBuildPhase section */

/* Begin PBXSourcesBuildPhase section */
		DF60FFE72B690C72005AA206 /* Sources */ = {
			isa = PBXSourcesBuildPhase;
			buildActionMask = 2147483647;
			files = (
				DF60002C2B69276D005AA206 /* MovieModel.swift in Sources */,
				DF6000192B691048005AA206 /* PopularModel.swift in Sources */,
				DF6000052B690EB1005AA206 /* MainViewController.swift in Sources */,
				DF6000262B6917F3005AA206 /* ConfigureUI.swift in Sources */,
				DF6000302B693F50005AA206 /* TopModel.swift in Sources */,
				DF60FFEF2B690C72005AA206 /* AppDelegate.swift in Sources */,
				DF60FFF12B690C72005AA206 /* SceneDelegate.swift in Sources */,
				DF60001D2B69149A005AA206 /* MovieTableViewCell.swift in Sources */,
				DF60001B2B6911AB005AA206 /* APIKey.swift in Sources */,
				DF6000232B69164F005AA206 /* MovieCollectionViewCell.swift in Sources */,
				DF60002E2B693CA5005AA206 /* TrendModel.swift in Sources */,
				DF6000082B690ED8005AA206 /* TMDBAPIManager.swift in Sources */,
				DF6000202B6914FE005AA206 /* Helper.swift in Sources */,
			);
			runOnlyForDeploymentPostprocessing = 0;
		};
/* End PBXSourcesBuildPhase section */

/* Begin PBXVariantGroup section */
		DF60FFF42B690C72005AA206 /* Main.storyboard */ = {
			isa = PBXVariantGroup;
			children = (
				DF60FFF52B690C72005AA206 /* Base */,
			);
			name = Main.storyboard;
			sourceTree = "<group>";
		};
		DF60FFF92B690C74005AA206 /* LaunchScreen.storyboard */ = {
			isa = PBXVariantGroup;
			children = (
				DF60FFFA2B690C74005AA206 /* Base */,
			);
			name = LaunchScreen.storyboard;
			sourceTree = "<group>";
		};
/* End PBXVariantGroup section */

/* Begin XCBuildConfiguration section */
		DF6000002B690C74005AA206 /* Debug */ = {
			isa = XCBuildConfiguration;
			buildSettings = {
				ASSETCATALOG_COMPILER_APPICON_NAME = AppIcon;
				ASSETCATALOG_COMPILER_GLOBAL_ACCENT_COLOR_NAME = AccentColor;
				CODE_SIGN_STYLE = Automatic;
				CURRENT_PROJECT_VERSION = 1;
				DEVELOPMENT_TEAM = BL747HHQK8;
				GENERATE_INFOPLIST_FILE = YES;
				INFOPLIST_FILE = MediaProject/Info.plist;
				INFOPLIST_KEY_UIApplicationSupportsIndirectInputEvents = YES;
				INFOPLIST_KEY_UILaunchStoryboardName = LaunchScreen;
				INFOPLIST_KEY_UIMainStoryboardFile = Main;
				INFOPLIST_KEY_UISupportedInterfaceOrientations_iPad = "UIInterfaceOrientationPortrait UIInterfaceOrientationPortraitUpsideDown UIInterfaceOrientationLandscapeLeft UIInterfaceOrientationLandscapeRight";
				INFOPLIST_KEY_UISupportedInterfaceOrientations_iPhone = "UIInterfaceOrientationPortrait UIInterfaceOrientationLandscapeLeft UIInterfaceOrientationLandscapeRight";
				LD_RUNPATH_SEARCH_PATHS = (
					"$(inherited)",
					"@executable_path/Frameworks",
				);
				MARKETING_VERSION = 1.0;
				PRODUCT_BUNDLE_IDENTIFIER = com.melon.MediaProject;
				PRODUCT_NAME = "$(TARGET_NAME)";
				SWIFT_EMIT_LOC_STRINGS = YES;
				SWIFT_VERSION = 5.0;
				TARGETED_DEVICE_FAMILY = "1,2";
			};
			name = Debug;
		};
		DF6000012B690C74005AA206 /* Release */ = {
			isa = XCBuildConfiguration;
			buildSettings = {
				ASSETCATALOG_COMPILER_APPICON_NAME = AppIcon;
				ASSETCATALOG_COMPILER_GLOBAL_ACCENT_COLOR_NAME = AccentColor;
				CODE_SIGN_STYLE = Automatic;
				CURRENT_PROJECT_VERSION = 1;
				DEVELOPMENT_TEAM = BL747HHQK8;
				GENERATE_INFOPLIST_FILE = YES;
				INFOPLIST_FILE = MediaProject/Info.plist;
				INFOPLIST_KEY_UIApplicationSupportsIndirectInputEvents = YES;
				INFOPLIST_KEY_UILaunchStoryboardName = LaunchScreen;
				INFOPLIST_KEY_UIMainStoryboardFile = Main;
				INFOPLIST_KEY_UISupportedInterfaceOrientations_iPad = "UIInterfaceOrientationPortrait UIInterfaceOrientationPortraitUpsideDown UIInterfaceOrientationLandscapeLeft UIInterfaceOrientationLandscapeRight";
				INFOPLIST_KEY_UISupportedInterfaceOrientations_iPhone = "UIInterfaceOrientationPortrait UIInterfaceOrientationLandscapeLeft UIInterfaceOrientationLandscapeRight";
				LD_RUNPATH_SEARCH_PATHS = (
					"$(inherited)",
					"@executable_path/Frameworks",
				);
				MARKETING_VERSION = 1.0;
				PRODUCT_BUNDLE_IDENTIFIER = com.melon.MediaProject;
				PRODUCT_NAME = "$(TARGET_NAME)";
				SWIFT_EMIT_LOC_STRINGS = YES;
				SWIFT_VERSION = 5.0;
				TARGETED_DEVICE_FAMILY = "1,2";
			};
			name = Release;
		};
		DF60FFFD2B690C74005AA206 /* Debug */ = {
			isa = XCBuildConfiguration;
			buildSettings = {
				ALWAYS_SEARCH_USER_PATHS = NO;
				ASSETCATALOG_COMPILER_GENERATE_SWIFT_ASSET_SYMBOL_EXTENSIONS = YES;
				CLANG_ANALYZER_NONNULL = YES;
				CLANG_ANALYZER_NUMBER_OBJECT_CONVERSION = YES_AGGRESSIVE;
				CLANG_CXX_LANGUAGE_STANDARD = "gnu++20";
				CLANG_ENABLE_MODULES = YES;
				CLANG_ENABLE_OBJC_ARC = YES;
				CLANG_ENABLE_OBJC_WEAK = YES;
				CLANG_WARN_BLOCK_CAPTURE_AUTORELEASING = YES;
				CLANG_WARN_BOOL_CONVERSION = YES;
				CLANG_WARN_COMMA = YES;
				CLANG_WARN_CONSTANT_CONVERSION = YES;
				CLANG_WARN_DEPRECATED_OBJC_IMPLEMENTATIONS = YES;
				CLANG_WARN_DIRECT_OBJC_ISA_USAGE = YES_ERROR;
				CLANG_WARN_DOCUMENTATION_COMMENTS = YES;
				CLANG_WARN_EMPTY_BODY = YES;
				CLANG_WARN_ENUM_CONVERSION = YES;
				CLANG_WARN_INFINITE_RECURSION = YES;
				CLANG_WARN_INT_CONVERSION = YES;
				CLANG_WARN_NON_LITERAL_NULL_CONVERSION = YES;
				CLANG_WARN_OBJC_IMPLICIT_RETAIN_SELF = YES;
				CLANG_WARN_OBJC_LITERAL_CONVERSION = YES;
				CLANG_WARN_OBJC_ROOT_CLASS = YES_ERROR;
				CLANG_WARN_QUOTED_INCLUDE_IN_FRAMEWORK_HEADER = YES;
				CLANG_WARN_RANGE_LOOP_ANALYSIS = YES;
				CLANG_WARN_STRICT_PROTOTYPES = YES;
				CLANG_WARN_SUSPICIOUS_MOVE = YES;
				CLANG_WARN_UNGUARDED_AVAILABILITY = YES_AGGRESSIVE;
				CLANG_WARN_UNREACHABLE_CODE = YES;
				CLANG_WARN__DUPLICATE_METHOD_MATCH = YES;
				COPY_PHASE_STRIP = NO;
				DEBUG_INFORMATION_FORMAT = dwarf;
				ENABLE_STRICT_OBJC_MSGSEND = YES;
				ENABLE_TESTABILITY = YES;
				ENABLE_USER_SCRIPT_SANDBOXING = YES;
				GCC_C_LANGUAGE_STANDARD = gnu17;
				GCC_DYNAMIC_NO_PIC = NO;
				GCC_NO_COMMON_BLOCKS = YES;
				GCC_OPTIMIZATION_LEVEL = 0;
				GCC_PREPROCESSOR_DEFINITIONS = (
					"DEBUG=1",
					"$(inherited)",
				);
				GCC_WARN_64_TO_32_BIT_CONVERSION = YES;
				GCC_WARN_ABOUT_RETURN_TYPE = YES_ERROR;
				GCC_WARN_UNDECLARED_SELECTOR = YES;
				GCC_WARN_UNINITIALIZED_AUTOS = YES_AGGRESSIVE;
				GCC_WARN_UNUSED_FUNCTION = YES;
				GCC_WARN_UNUSED_VARIABLE = YES;
				IPHONEOS_DEPLOYMENT_TARGET = 17.2;
				LOCALIZATION_PREFERS_STRING_CATALOGS = YES;
				MTL_ENABLE_DEBUG_INFO = INCLUDE_SOURCE;
				MTL_FAST_MATH = YES;
				ONLY_ACTIVE_ARCH = YES;
				SDKROOT = iphoneos;
				SWIFT_ACTIVE_COMPILATION_CONDITIONS = "DEBUG $(inherited)";
				SWIFT_OPTIMIZATION_LEVEL = "-Onone";
			};
			name = Debug;
		};
		DF60FFFE2B690C74005AA206 /* Release */ = {
			isa = XCBuildConfiguration;
			buildSettings = {
				ALWAYS_SEARCH_USER_PATHS = NO;
				ASSETCATALOG_COMPILER_GENERATE_SWIFT_ASSET_SYMBOL_EXTENSIONS = YES;
				CLANG_ANALYZER_NONNULL = YES;
				CLANG_ANALYZER_NUMBER_OBJECT_CONVERSION = YES_AGGRESSIVE;
				CLANG_CXX_LANGUAGE_STANDARD = "gnu++20";
				CLANG_ENABLE_MODULES = YES;
				CLANG_ENABLE_OBJC_ARC = YES;
				CLANG_ENABLE_OBJC_WEAK = YES;
				CLANG_WARN_BLOCK_CAPTURE_AUTORELEASING = YES;
				CLANG_WARN_BOOL_CONVERSION = YES;
				CLANG_WARN_COMMA = YES;
				CLANG_WARN_CONSTANT_CONVERSION = YES;
				CLANG_WARN_DEPRECATED_OBJC_IMPLEMENTATIONS = YES;
				CLANG_WARN_DIRECT_OBJC_ISA_USAGE = YES_ERROR;
				CLANG_WARN_DOCUMENTATION_COMMENTS = YES;
				CLANG_WARN_EMPTY_BODY = YES;
				CLANG_WARN_ENUM_CONVERSION = YES;
				CLANG_WARN_INFINITE_RECURSION = YES;
				CLANG_WARN_INT_CONVERSION = YES;
				CLANG_WARN_NON_LITERAL_NULL_CONVERSION = YES;
				CLANG_WARN_OBJC_IMPLICIT_RETAIN_SELF = YES;
				CLANG_WARN_OBJC_LITERAL_CONVERSION = YES;
				CLANG_WARN_OBJC_ROOT_CLASS = YES_ERROR;
				CLANG_WARN_QUOTED_INCLUDE_IN_FRAMEWORK_HEADER = YES;
				CLANG_WARN_RANGE_LOOP_ANALYSIS = YES;
				CLANG_WARN_STRICT_PROTOTYPES = YES;
				CLANG_WARN_SUSPICIOUS_MOVE = YES;
				CLANG_WARN_UNGUARDED_AVAILABILITY = YES_AGGRESSIVE;
				CLANG_WARN_UNREACHABLE_CODE = YES;
				CLANG_WARN__DUPLICATE_METHOD_MATCH = YES;
				COPY_PHASE_STRIP = NO;
				DEBUG_INFORMATION_FORMAT = "dwarf-with-dsym";
				ENABLE_NS_ASSERTIONS = NO;
				ENABLE_STRICT_OBJC_MSGSEND = YES;
				ENABLE_USER_SCRIPT_SANDBOXING = YES;
				GCC_C_LANGUAGE_STANDARD = gnu17;
				GCC_NO_COMMON_BLOCKS = YES;
				GCC_WARN_64_TO_32_BIT_CONVERSION = YES;
				GCC_WARN_ABOUT_RETURN_TYPE = YES_ERROR;
				GCC_WARN_UNDECLARED_SELECTOR = YES;
				GCC_WARN_UNINITIALIZED_AUTOS = YES_AGGRESSIVE;
				GCC_WARN_UNUSED_FUNCTION = YES;
				GCC_WARN_UNUSED_VARIABLE = YES;
				IPHONEOS_DEPLOYMENT_TARGET = 17.2;
				LOCALIZATION_PREFERS_STRING_CATALOGS = YES;
				MTL_ENABLE_DEBUG_INFO = NO;
				MTL_FAST_MATH = YES;
				SDKROOT = iphoneos;
				SWIFT_COMPILATION_MODE = wholemodule;
				VALIDATE_PRODUCT = YES;
			};
			name = Release;
		};
/* End XCBuildConfiguration section */

/* Begin XCConfigurationList section */
		DF60FFE62B690C72005AA206 /* Build configuration list for PBXProject "MediaProject" */ = {
			isa = XCConfigurationList;
			buildConfigurations = (
				DF60FFFD2B690C74005AA206 /* Debug */,
				DF60FFFE2B690C74005AA206 /* Release */,
			);
			defaultConfigurationIsVisible = 0;
			defaultConfigurationName = Release;
		};
		DF60FFFF2B690C74005AA206 /* Build configuration list for PBXNativeTarget "MediaProject" */ = {
			isa = XCConfigurationList;
			buildConfigurations = (
				DF6000002B690C74005AA206 /* Debug */,
				DF6000012B690C74005AA206 /* Release */,
			);
			defaultConfigurationIsVisible = 0;
			defaultConfigurationName = Release;
		};
/* End XCConfigurationList section */

/* Begin XCRemoteSwiftPackageReference section */
		DF6000092B690EEC005AA206 /* XCRemoteSwiftPackageReference "Kingfisher" */ = {
			isa = XCRemoteSwiftPackageReference;
			repositoryURL = "https://github.com/onevcat/Kingfisher.git";
			requirement = {
				kind = upToNextMajorVersion;
				minimumVersion = 7.10.2;
			};
		};
		DF60000C2B690EF4005AA206 /* XCRemoteSwiftPackageReference "Alamofire" */ = {
			isa = XCRemoteSwiftPackageReference;
			repositoryURL = "https://github.com/Alamofire/Alamofire.git";
			requirement = {
				kind = upToNextMajorVersion;
				minimumVersion = 5.8.1;
			};
		};
		DF60000F2B690EFA005AA206 /* XCRemoteSwiftPackageReference "SnapKit" */ = {
			isa = XCRemoteSwiftPackageReference;
			repositoryURL = "https://github.com/SnapKit/SnapKit.git";
			requirement = {
				kind = upToNextMajorVersion;
				minimumVersion = 5.7.0;
			};
		};
/* End XCRemoteSwiftPackageReference section */

/* Begin XCSwiftPackageProductDependency section */
		DF60000A2B690EEC005AA206 /* Kingfisher */ = {
			isa = XCSwiftPackageProductDependency;
			package = DF6000092B690EEC005AA206 /* XCRemoteSwiftPackageReference "Kingfisher" */;
			productName = Kingfisher;
		};
		DF60000D2B690EF4005AA206 /* Alamofire */ = {
			isa = XCSwiftPackageProductDependency;
			package = DF60000C2B690EF4005AA206 /* XCRemoteSwiftPackageReference "Alamofire" */;
			productName = Alamofire;
		};
		DF6000102B690EFA005AA206 /* SnapKit */ = {
			isa = XCSwiftPackageProductDependency;
			package = DF60000F2B690EFA005AA206 /* XCRemoteSwiftPackageReference "SnapKit" */;
			productName = SnapKit;
		};
		DF6000122B690EFA005AA206 /* SnapKit-Dynamic */ = {
			isa = XCSwiftPackageProductDependency;
			package = DF60000F2B690EFA005AA206 /* XCRemoteSwiftPackageReference "SnapKit" */;
			productName = "SnapKit-Dynamic";
		};
/* End XCSwiftPackageProductDependency section */
	};
	rootObject = DF60FFE32B690C72005AA206 /* Project object */;
}
